
Microsoft Visual Studio Solution File, Format Version 12.00
# Visual Studio Version 16
VisualStudioVersion = 25.0.1705.4
MinimumVisualStudioVersion = 10.0.40219.1
Project("{FAE04EC0-301F-11D3-BF4B-00C04F79EFBC}") = "GP23", "GP23\GP23.csproj", "{72827B8B-59AE-43CB-9080-9C78EB0BE72F}"
EndProject
Global
	GlobalSection(SolutionConfigurationPlatforms) = preSolution
		Debug|Any CPU = Debug|Any CPU
		Release|Any CPU = Release|Any CPU
	EndGlobalSection
	GlobalSection(ProjectConfigurationPlatforms) = postSolution
		{72827B8B-59AE-43CB-9080-9C78EB0BE72F}.Debug|Any CPU.ActiveCfg = Debug|Any CPU
		{72827B8B-59AE-43CB-9080-9C78EB0BE72F}.Debug|Any CPU.Build.0 = Debug|Any CPU
		{72827B8B-59AE-43CB-9080-9C78EB0BE72F}.Release|Any CPU.ActiveCfg = Release|Any CPU
		{72827B8B-59AE-43CB-9080-9C78EB0BE72F}.Release|Any CPU.Build.0 = Release|Any CPU
	EndGlobalSection
	GlobalSection(SolutionProperties) = preSolution
		HideSolutionNode = FALSE
	EndGlobalSection
	GlobalSection(ExtensibilityGlobals) = postSolution
		SolutionGuid = {A90CF352-DF29-4E8D-B19D-977FD2747C43}
	EndGlobalSection
EndGlobal
